
Microsoft Visual Studio Solution File, Format Version 12.00
# Visual Studio 15
VisualStudioVersion = 15.0.26403.7
MinimumVisualStudioVersion = 10.0.40219.1
Project("{8BC9CEB8-8B4A-11D0-8D11-00A0C91BC942}") = "Curse2.2", "Curse2.2\Curse2.2.vcxproj", "{FE48B3A3-A022-4B86-AE1C-66B85D804C71}"
EndProject
Project("{8BC9CEB8-8B4A-11D0-8D11-00A0C91BC942}") = "Curse2.2View", "Curse2.2View\Curse2.2View.vcxproj", "{EA7A4F5D-5958-49EB-B453-4449FC0B9BB5}"
EndProject
Global
	GlobalSection(SolutionConfigurationPlatforms) = preSolution
		Debug|x64 = Debug|x64
		Debug|x86 = Debug|x86
		Release|x64 = Release|x64
		Release|x86 = Release|x86
	EndGlobalSection
	GlobalSection(ProjectConfigurationPlatforms) = postSolution
		{FE48B3A3-A022-4B86-AE1C-66B85D804C71}.Debug|x64.ActiveCfg = Debug|x64
		{FE48B3A3-A022-4B86-AE1C-66B85D804C71}.Debug|x64.Build.0 = Debug|x64
		{FE48B3A3-A022-4B86-AE1C-66B85D804C71}.Debug|x86.ActiveCfg = Debug|Win32
		{FE48B3A3-A022-4B86-AE1C-66B85D804C71}.Debug|x86.Build.0 = Debug|Win32
		{FE48B3A3-A022-4B86-AE1C-66B85D804C71}.Release|x64.ActiveCfg = Release|x64
		{FE48B3A3-A022-4B86-AE1C-66B85D804C71}.Release|x64.Build.0 = Release|x64
		{FE48B3A3-A022-4B86-AE1C-66B85D804C71}.Release|x86.ActiveCfg = Release|Win32
		{FE48B3A3-A022-4B86-AE1C-66B85D804C71}.Release|x86.Build.0 = Release|Win32
		{EA7A4F5D-5958-49EB-B453-4449FC0B9BB5}.Debug|x64.ActiveCfg = Debug|x64
		{EA7A4F5D-5958-49EB-B453-4449FC0B9BB5}.Debug|x64.Build.0 = Debug|x64
		{EA7A4F5D-5958-49EB-B453-4449FC0B9BB5}.Debug|x86.ActiveCfg = Debug|Win32
		{EA7A4F5D-5958-49EB-B453-4449FC0B9BB5}.Debug|x86.Build.0 = Debug|Win32
		{EA7A4F5D-5958-49EB-B453-4449FC0B9BB5}.Release|x64.ActiveCfg = Release|x64
		{EA7A4F5D-5958-49EB-B453-4449FC0B9BB5}.Release|x64.Build.0 = Release|x64
		{EA7A4F5D-5958-49EB-B453-4449FC0B9BB5}.Release|x86.ActiveCfg = Release|Win32
		{EA7A4F5D-5958-49EB-B453-4449FC0B9BB5}.Release|x86.Build.0 = Release|Win32
	EndGlobalSection
	GlobalSection(SolutionProperties) = preSolution
		HideSolutionNode = FALSE
	EndGlobalSection
EndGlobal
